
Microsoft Visual Studio Solution File, Format Version 12.00
# Visual Studio Version 16
VisualStudioVersion = 25.0.1700.7
MinimumVisualStudioVersion = 10.0.40219.1
Project("{FAE04EC0-301F-11D3-BF4B-00C04F79EFBC}") = "Contacts.Server", "Server\Contacts.Server.csproj", "{84E95542-2925-44AE-AB71-3F5A7D1F897E}"
EndProject
Project("{FAE04EC0-301F-11D3-BF4B-00C04F79EFBC}") = "Contacts.Client", "Client\Contacts.Client.csproj", "{97BBD519-9CB9-423E-82C9-B32536A399A5}"
EndProject
Project("{FAE04EC0-301F-11D3-BF4B-00C04F79EFBC}") = "Contacts.Shared", "Shared\Contacts.Shared.csproj", "{8066514C-CD8E-4627-B1EF-542FA7BF2E57}"
EndProject
Project("{FAE04EC0-301F-11D3-BF4B-00C04F79EFBC}") = "Contacts.Respositories", "Contacts.Respositories\Contacts.Respositories.csproj", "{86DE11BE-5B78-42A1-82F5-0190A86B4405}"
EndProject
Global
	GlobalSection(SolutionConfigurationPlatforms) = preSolution
		Debug|Any CPU = Debug|Any CPU
		Release|Any CPU = Release|Any CPU
	EndGlobalSection
	GlobalSection(ProjectConfigurationPlatforms) = postSolution
		{84E95542-2925-44AE-AB71-3F5A7D1F897E}.Debug|Any CPU.ActiveCfg = Debug|Any CPU
		{84E95542-2925-44AE-AB71-3F5A7D1F897E}.Debug|Any CPU.Build.0 = Debug|Any CPU
		{84E95542-2925-44AE-AB71-3F5A7D1F897E}.Release|Any CPU.ActiveCfg = Release|Any CPU
		{84E95542-2925-44AE-AB71-3F5A7D1F897E}.Release|Any CPU.Build.0 = Release|Any CPU
		{97BBD519-9CB9-423E-82C9-B32536A399A5}.Debug|Any CPU.ActiveCfg = Debug|Any CPU
		{97BBD519-9CB9-423E-82C9-B32536A399A5}.Debug|Any CPU.Build.0 = Debug|Any CPU
		{97BBD519-9CB9-423E-82C9-B32536A399A5}.Release|Any CPU.ActiveCfg = Release|Any CPU
		{97BBD519-9CB9-423E-82C9-B32536A399A5}.Release|Any CPU.Build.0 = Release|Any CPU
		{8066514C-CD8E-4627-B1EF-542FA7BF2E57}.Debug|Any CPU.ActiveCfg = Debug|Any CPU
		{8066514C-CD8E-4627-B1EF-542FA7BF2E57}.Debug|Any CPU.Build.0 = Debug|Any CPU
		{8066514C-CD8E-4627-B1EF-542FA7BF2E57}.Release|Any CPU.ActiveCfg = Release|Any CPU
		{8066514C-CD8E-4627-B1EF-542FA7BF2E57}.Release|Any CPU.Build.0 = Release|Any CPU
		{86DE11BE-5B78-42A1-82F5-0190A86B4405}.Debug|Any CPU.ActiveCfg = Debug|Any CPU
		{86DE11BE-5B78-42A1-82F5-0190A86B4405}.Debug|Any CPU.Build.0 = Debug|Any CPU
		{86DE11BE-5B78-42A1-82F5-0190A86B4405}.Release|Any CPU.ActiveCfg = Release|Any CPU
		{86DE11BE-5B78-42A1-82F5-0190A86B4405}.Release|Any CPU.Build.0 = Release|Any CPU
	EndGlobalSection
	GlobalSection(SolutionProperties) = preSolution
		HideSolutionNode = FALSE
	EndGlobalSection
	GlobalSection(ExtensibilityGlobals) = postSolution
		SolutionGuid = {D97D58AA-B995-4879-8F1E-071BF61E17E9}
	EndGlobalSection
EndGlobal
